
Microsoft Visual Studio Solution File, Format Version 12.00
# Visual Studio Version 17
VisualStudioVersion = 17.11.35312.102
MinimumVisualStudioVersion = 10.0.40219.1
Project("{FAE04EC0-301F-11D3-BF4B-00C04F79EFBC}") = "Gruppövning_InternationalFoodAB", "Gruppövning_InternationalFoodAB\Gruppövning_InternationalFoodAB.csproj", "{CD34FC17-CB27-4589-B93F-2CF2EE8AE884}"
EndProject
Global
	GlobalSection(SolutionConfigurationPlatforms) = preSolution
		Debug|Any CPU = Debug|Any CPU
		Release|Any CPU = Release|Any CPU
	EndGlobalSection
	GlobalSection(ProjectConfigurationPlatforms) = postSolution
		{CD34FC17-CB27-4589-B93F-2CF2EE8AE884}.Debug|Any CPU.ActiveCfg = Debug|Any CPU
		{CD34FC17-CB27-4589-B93F-2CF2EE8AE884}.Debug|Any CPU.Build.0 = Debug|Any CPU
		{CD34FC17-CB27-4589-B93F-2CF2EE8AE884}.Release|Any CPU.ActiveCfg = Release|Any CPU
		{CD34FC17-CB27-4589-B93F-2CF2EE8AE884}.Release|Any CPU.Build.0 = Release|Any CPU
	EndGlobalSection
	GlobalSection(SolutionProperties) = preSolution
		HideSolutionNode = FALSE
	EndGlobalSection
	GlobalSection(ExtensibilityGlobals) = postSolution
		SolutionGuid = {3BC2AC20-A75E-438C-AA6A-02A83EAE6063}
	EndGlobalSection
EndGlobal
